# This file is automatically @generated by Cargo.
# It is not intended for manual editing.
version = 4

[[package]]
name = "opensip-private-toml-safety-38"
version = "0.0.0"
dependencies = [
 "serde_spanned",
 "toml",
 "toml_datetime",
 "toml_parser",
 "winnow",
]

[[package]]
name = "proc-macro2"
version = "1.0.107"
source = "registry+https://github.com/rust-lang/crates.io-index"
checksum = "985e7ec9bb745e6ce6535b544d84d6cd6f7ad8bd711c398938ae983b91a766d9"
dependencies = [
 "unicode-ident",
]

[[package]]
name = "quote"
version = "1.0.47"
source = "registry+https://github.com/rust-lang/crates.io-index"
checksum = "1fbf4db142a473a8d80c26bbf18454ed458bf8d26c8219c331daecfdbd079001"
dependencies = [
 "proc-macro2",
]

[[package]]
name = "serde_core"
version = "1.0.229"
source = "registry+https://github.com/rust-lang/crates.io-index"
checksum = "67dca2c9c51e58a4791a4b1ed58308b39c64224d349a935ab5039aa360942a48"
dependencies = [
 "serde_derive",
]

[[package]]
name = "serde_derive"
version = "1.0.229"
source = "registry+https://github.com/rust-lang/crates.io-index"
checksum = "e7a5d71263a5a7d47b41f6b3f06ba276f10cc18b0931f1799f710578e2309348"
dependencies = [
 "proc-macro2",
 "quote",
 "syn",
]

[[package]]
name = "serde_spanned"
version = "1.0.4"
source = "registry+https://github.com/rust-lang/crates.io-index"
checksum = "f8bbf91e5a4d6315eee45e704372590b30e260ee83af6639d64557f51b067776"
dependencies = [
 "serde_core",
]

[[package]]
name = "syn"
version = "3.0.6"
source = "registry+https://github.com/rust-lang/crates.io-index"
checksum = "8593e8e72159ed2257d083c7a454a85cbf854f37a0966d8d483aff8c8a3ebcee"
dependencies = [
 "proc-macro2",
 "quote",
 "unicode-ident",
]

[[package]]
name = "toml"
version = "0.9.9+spec-1.0.0"
source = "registry+https://github.com/rust-lang/crates.io-index"
checksum = "eb5238e643fc34a1d5d7e753e1532a91912d74b63b92b3ea51fde8d1b7bc79dd"
dependencies = [
 "serde_spanned",
 "toml_datetime",
 "toml_parser",
 "winnow",
]

[[package]]
name = "toml_datetime"
version = "0.7.4+spec-1.0.0"
source = "registry+https://github.com/rust-lang/crates.io-index"
checksum = "fe3cea6b2aa3b910092f6abd4053ea464fab5f9c170ba5e9a6aead16ec4af2b6"
dependencies = [
 "serde_core",
]

[[package]]
name = "toml_parser"
version = "1.0.5+spec-1.0.0"
source = "registry+https://github.com/rust-lang/crates.io-index"
checksum = "4c03bee5ce3696f31250db0bbaff18bc43301ce0e8db2ed1f07cbb2acf89984c"
dependencies = [
 "winnow",
]

[[package]]
name = "unicode-ident"
version = "1.0.25"
source = "registry+https://github.com/rust-lang/crates.io-index"
checksum = "ab72a15cf68d77cb0987d3684aa8a45c5ef827e8cb49ee2f30bfd7ba2feb519f"

[[package]]
name = "winnow"
version = "0.7.13"
source = "registry+https://github.com/rust-lang/crates.io-index"
checksum = "21a0236b59786fed61e2a80582dd500fe61f18b5dca67a4a067d0bc9039339cf"
