# This file is automatically @generated by Cargo.
# It is not intended for manual editing.
version = 4

[[package]]
name = "libc"
version = "0.2.189"
source = "registry+https://github.com/rust-lang/crates.io-index"
checksum = "3eaf3ede3fee6db1a4c2ee091bf8a8b4dccdc6d17f656fb07896ee72867612f2"

[[package]]
name = "opensip-identity"
version = "0.1.0"
dependencies = [
 "sha2-const-stable",
]

[[package]]
name = "opensip-platform-asset-trial"
version = "0.1.0"
dependencies = [
 "libc",
]

[[package]]
name = "opensip-report-asset-trial"
version = "0.1.0"
dependencies = [
 "opensip-identity",
 "opensip-platform-asset-trial",
]

[[package]]
name = "sha2-const-stable"
version = "0.1.0"
source = "registry+https://github.com/rust-lang/crates.io-index"
checksum = "5f179d4e11094a893b82fff208f74d448a7512f99f5a0acbd5c679b705f83ed9"
